
Microsoft Visual Studio Solution File, Format Version 12.00
# Visual Studio Version 16
VisualStudioVersion = 16.0.30011.22
MinimumVisualStudioVersion = 10.0.40219.1
Project("{FAE04EC0-301F-11D3-BF4B-00C04F79EFBC}") = "capaDatos", "capaDatos\capaDatos.csproj", "{6BB37A35-624D-4AA0-B1DA-F78B5DBD8F58}"
EndProject
Project("{FAE04EC0-301F-11D3-BF4B-00C04F79EFBC}") = "capaNegocio", "capaNegocio\capaNegocio.csproj", "{AA71A815-2419-40BB-8481-25EE0911C287}"
EndProject
Project("{FAE04EC0-301F-11D3-BF4B-00C04F79EFBC}") = "capaPresentacion", "capaPresentacion\capaPresentacion.csproj", "{7BD689A3-3DDC-4B4D-AA8B-946E282785EB}"
EndProject
Global
	GlobalSection(SolutionConfigurationPlatforms) = preSolution
		Debug|Any CPU = Debug|Any CPU
		Release|Any CPU = Release|Any CPU
	EndGlobalSection
	GlobalSection(ProjectConfigurationPlatforms) = postSolution
		{6BB37A35-624D-4AA0-B1DA-F78B5DBD8F58}.Debug|Any CPU.ActiveCfg = Debug|Any CPU
		{6BB37A35-624D-4AA0-B1DA-F78B5DBD8F58}.Debug|Any CPU.Build.0 = Debug|Any CPU
		{6BB37A35-624D-4AA0-B1DA-F78B5DBD8F58}.Release|Any CPU.ActiveCfg = Release|Any CPU
		{6BB37A35-624D-4AA0-B1DA-F78B5DBD8F58}.Release|Any CPU.Build.0 = Release|Any CPU
		{AA71A815-2419-40BB-8481-25EE0911C287}.Debug|Any CPU.ActiveCfg = Debug|Any CPU
		{AA71A815-2419-40BB-8481-25EE0911C287}.Debug|Any CPU.Build.0 = Debug|Any CPU
		{AA71A815-2419-40BB-8481-25EE0911C287}.Release|Any CPU.ActiveCfg = Release|Any CPU
		{AA71A815-2419-40BB-8481-25EE0911C287}.Release|Any CPU.Build.0 = Release|Any CPU
		{7BD689A3-3DDC-4B4D-AA8B-946E282785EB}.Debug|Any CPU.ActiveCfg = Debug|Any CPU
		{7BD689A3-3DDC-4B4D-AA8B-946E282785EB}.Debug|Any CPU.Build.0 = Debug|Any CPU
		{7BD689A3-3DDC-4B4D-AA8B-946E282785EB}.Release|Any CPU.ActiveCfg = Release|Any CPU
		{7BD689A3-3DDC-4B4D-AA8B-946E282785EB}.Release|Any CPU.Build.0 = Release|Any CPU
	EndGlobalSection
	GlobalSection(SolutionProperties) = preSolution
		HideSolutionNode = FALSE
	EndGlobalSection
	GlobalSection(ExtensibilityGlobals) = postSolution
		SolutionGuid = {B5E83067-AE70-4352-A66C-D2699FFB9FAD}
	EndGlobalSection
EndGlobal
